
Microsoft Visual Studio Solution File, Format Version 12.00
# Visual Studio Version 16
VisualStudioVersion = 16.0.31129.286
MinimumVisualStudioVersion = 10.0.40219.1
Project("{FAE04EC0-301F-11D3-BF4B-00C04F79EFBC}") = "LinqTutorials", "LinqTutorials\LinqTutorials.csproj", "{B6994753-4FA1-4971-8CE8-BB73565ACDAC}"
EndProject
Global
	GlobalSection(SolutionConfigurationPlatforms) = preSolution
		Debug|Any CPU = Debug|Any CPU
		Release|Any CPU = Release|Any CPU
	EndGlobalSection
	GlobalSection(ProjectConfigurationPlatforms) = postSolution
		{B6994753-4FA1-4971-8CE8-BB73565ACDAC}.Debug|Any CPU.ActiveCfg = Debug|Any CPU
		{B6994753-4FA1-4971-8CE8-BB73565ACDAC}.Debug|Any CPU.Build.0 = Debug|Any CPU
		{B6994753-4FA1-4971-8CE8-BB73565ACDAC}.Release|Any CPU.ActiveCfg = Release|Any CPU
		{B6994753-4FA1-4971-8CE8-BB73565ACDAC}.Release|Any CPU.Build.0 = Release|Any CPU
	EndGlobalSection
	GlobalSection(SolutionProperties) = preSolution
		HideSolutionNode = FALSE
	EndGlobalSection
	GlobalSection(ExtensibilityGlobals) = postSolution
		SolutionGuid = {611C3536-47BD-4E18-9668-D4B5A4B24EF1}
	EndGlobalSection
EndGlobal
